
Microsoft Visual Studio Solution File, Format Version 12.00
# Visual Studio Version 17
VisualStudioVersion = 17.0.31717.71
MinimumVisualStudioVersion = 10.0.40219.1
Project("{FAE04EC0-301F-11D3-BF4B-00C04F79EFBC}") = "App11.UWP", "App11\App11.UWP\App11.UWP.csproj", "{12F5E872-7C0F-4C00-A34D-BF1A75D810B4}"
EndProject
Project("{FAE04EC0-301F-11D3-BF4B-00C04F79EFBC}") = "App11.Android", "App11\App11.Android\App11.Android.csproj", "{5F0ED450-2034-43D2-9DEB-92299D072B85}"
EndProject
Project("{FAE04EC0-301F-11D3-BF4B-00C04F79EFBC}") = "App11.iOS", "App11\App11.iOS\App11.iOS.csproj", "{FF18E5A1-64C4-49A5-A89F-4ED0240C9078}"
EndProject
Project("{FAE04EC0-301F-11D3-BF4B-00C04F79EFBC}") = "App11", "App11\App11\App11.csproj", "{1ACEED5A-9DC9-46BE-A892-147D04A4D93B}"
EndProject
Global
	GlobalSection(SolutionConfigurationPlatforms) = preSolution
		Debug|Any CPU = Debug|Any CPU
		Debug|ARM = Debug|ARM
		Debug|iPhone = Debug|iPhone
		Debug|iPhoneSimulator = Debug|iPhoneSimulator
		Debug|x64 = Debug|x64
		Debug|x86 = Debug|x86
		Release|Any CPU = Release|Any CPU
		Release|ARM = Release|ARM
		Release|iPhone = Release|iPhone
		Release|iPhoneSimulator = Release|iPhoneSimulator
		Release|x64 = Release|x64
		Release|x86 = Release|x86
	EndGlobalSection
	GlobalSection(ProjectConfigurationPlatforms) = postSolution
		{12F5E872-7C0F-4C00-A34D-BF1A75D810B4}.Debug|Any CPU.ActiveCfg = Debug|x86
		{12F5E872-7C0F-4C00-A34D-BF1A75D810B4}.Debug|Any CPU.Build.0 = Debug|x86
		{12F5E872-7C0F-4C00-A34D-BF1A75D810B4}.Debug|Any CPU.Deploy.0 = Debug|x86
		{12F5E872-7C0F-4C00-A34D-BF1A75D810B4}.Debug|ARM.ActiveCfg = Debug|ARM
		{12F5E872-7C0F-4C00-A34D-BF1A75D810B4}.Debug|ARM.Build.0 = Debug|ARM
		{12F5E872-7C0F-4C00-A34D-BF1A75D810B4}.Debug|ARM.Deploy.0 = Debug|ARM
		{12F5E872-7C0F-4C00-A34D-BF1A75D810B4}.Debug|iPhone.ActiveCfg = Debug|x86
		{12F5E872-7C0F-4C00-A34D-BF1A75D810B4}.Debug|iPhone.Build.0 = Debug|x86
		{12F5E872-7C0F-4C00-A34D-BF1A75D810B4}.Debug|iPhone.Deploy.0 = Debug|x86
		{12F5E872-7C0F-4C00-A34D-BF1A75D810B4}.Debug|iPhoneSimulator.ActiveCfg = Debug|x86
		{12F5E872-7C0F-4C00-A34D-BF1A75D810B4}.Debug|iPhoneSimulator.Build.0 = Debug|x86
		{12F5E872-7C0F-4C00-A34D-BF1A75D810B4}.Debug|iPhoneSimulator.Deploy.0 = Debug|x86
		{12F5E872-7C0F-4C00-A34D-BF1A75D810B4}.Debug|x64.ActiveCfg = Debug|x64
		{12F5E872-7C0F-4C00-A34D-BF1A75D810B4}.Debug|x64.Build.0 = Debug|x64
		{12F5E872-7C0F-4C00-A34D-BF1A75D810B4}.Debug|x64.Deploy.0 = Debug|x64
		{12F5E872-7C0F-4C00-A34D-BF1A75D810B4}.Debug|x86.ActiveCfg = Debug|x86
		{12F5E872-7C0F-4C00-A34D-BF1A75D810B4}.Debug|x86.Build.0 = Debug|x86
		{12F5E872-7C0F-4C00-A34D-BF1A75D810B4}.Debug|x86.Deploy.0 = Debug|x86
		{12F5E872-7C0F-4C00-A34D-BF1A75D810B4}.Release|Any CPU.ActiveCfg = Release|x86
		{12F5E872-7C0F-4C00-A34D-BF1A75D810B4}.Release|Any CPU.Build.0 = Release|x86
		{12F5E872-7C0F-4C00-A34D-BF1A75D810B4}.Release|Any CPU.Deploy.0 = Release|x86
		{12F5E872-7C0F-4C00-A34D-BF1A75D810B4}.Release|ARM.ActiveCfg = Release|ARM
		{12F5E872-7C0F-4C00-A34D-BF1A75D810B4}.Release|ARM.Build.0 = Release|ARM
		{12F5E872-7C0F-4C00-A34D-BF1A75D810B4}.Release|ARM.Deploy.0 = Release|ARM
		{12F5E872-7C0F-4C00-A34D-BF1A75D810B4}.Release|iPhone.ActiveCfg = Release|x86
		{12F5E872-7C0F-4C00-A34D-BF1A75D810B4}.Release|iPhone.Build.0 = Release|x86
		{12F5E872-7C0F-4C00-A34D-BF1A75D810B4}.Release|iPhone.Deploy.0 = Release|x86
		{12F5E872-7C0F-4C00-A34D-BF1A75D810B4}.Release|iPhoneSimulator.ActiveCfg = Release|x86
		{12F5E872-7C0F-4C00-A34D-BF1A75D810B4}.Release|iPhoneSimulator.Build.0 = Release|x86
		{12F5E872-7C0F-4C00-A34D-BF1A75D810B4}.Release|iPhoneSimulator.Deploy.0 = Release|x86
		{12F5E872-7C0F-4C00-A34D-BF1A75D810B4}.Release|x64.ActiveCfg = Release|x64
		{12F5E872-7C0F-4C00-A34D-BF1A75D810B4}.Release|x64.Build.0 = Release|x64
		{12F5E872-7C0F-4C00-A34D-BF1A75D810B4}.Release|x64.Deploy.0 = Release|x64
		{12F5E872-7C0F-4C00-A34D-BF1A75D810B4}.Release|x86.ActiveCfg = Release|x86
		{12F5E872-7C0F-4C00-A34D-BF1A75D810B4}.Release|x86.Build.0 = Release|x86
		{12F5E872-7C0F-4C00-A34D-BF1A75D810B4}.Release|x86.Deploy.0 = Release|x86
		{5F0ED450-2034-43D2-9DEB-92299D072B85}.Debug|Any CPU.ActiveCfg = Debug|Any CPU
		{5F0ED450-2034-43D2-9DEB-92299D072B85}.Debug|Any CPU.Build.0 = Debug|Any CPU
		{5F0ED450-2034-43D2-9DEB-92299D072B85}.Debug|Any CPU.Deploy.0 = Debug|Any CPU
		{5F0ED450-2034-43D2-9DEB-92299D072B85}.Debug|ARM.ActiveCfg = Debug|Any CPU
		{5F0ED450-2034-43D2-9DEB-92299D072B85}.Debug|ARM.Build.0 = Debug|Any CPU
		{5F0ED450-2034-43D2-9DEB-92299D072B85}.Debug|ARM.Deploy.0 = Debug|Any CPU
		{5F0ED450-2034-43D2-9DEB-92299D072B85}.Debug|iPhone.ActiveCfg = Debug|Any CPU
		{5F0ED450-2034-43D2-9DEB-92299D072B85}.Debug|iPhone.Build.0 = Debug|Any CPU
		{5F0ED450-2034-43D2-9DEB-92299D072B85}.Debug|iPhone.Deploy.0 = Debug|Any CPU
		{5F0ED450-2034-43D2-9DEB-92299D072B85}.Debug|iPhoneSimulator.ActiveCfg = Debug|Any CPU
		{5F0ED450-2034-43D2-9DEB-92299D072B85}.Debug|iPhoneSimulator.Build.0 = Debug|Any CPU
		{5F0ED450-2034-43D2-9DEB-92299D072B85}.Debug|iPhoneSimulator.Deploy.0 = Debug|Any CPU
		{5F0ED450-2034-43D2-9DEB-92299D072B85}.Debug|x64.ActiveCfg = Debug|Any CPU
		{5F0ED450-2034-43D2-9DEB-92299D072B85}.Debug|x64.Build.0 = Debug|Any CPU
		{5F0ED450-2034-43D2-9DEB-92299D072B85}.Debug|x64.Deploy.0 = Debug|Any CPU
		{5F0ED450-2034-43D2-9DEB-92299D072B85}.Debug|x86.ActiveCfg = Debug|Any CPU
		{5F0ED450-2034-43D2-9DEB-92299D072B85}.Debug|x86.Build.0 = Debug|Any CPU
		{5F0ED450-2034-43D2-9DEB-92299D072B85}.Debug|x86.Deploy.0 = Debug|Any CPU
		{5F0ED450-2034-43D2-9DEB-92299D072B85}.Release|Any CPU.ActiveCfg = Release|Any CPU
		{5F0ED450-2034-43D2-9DEB-92299D072B85}.Release|Any CPU.Build.0 = Release|Any CPU
		{5F0ED450-2034-43D2-9DEB-92299D072B85}.Release|Any CPU.Deploy.0 = Release|Any CPU
		{5F0ED450-2034-43D2-9DEB-92299D072B85}.Release|ARM.ActiveCfg = Release|Any CPU
		{5F0ED450-2034-43D2-9DEB-92299D072B85}.Release|ARM.Build.0 = Release|Any CPU
		{5F0ED450-2034-43D2-9DEB-92299D072B85}.Release|ARM.Deploy.0 = Release|Any CPU
		{5F0ED450-2034-43D2-9DEB-92299D072B85}.Release|iPhone.ActiveCfg = Release|Any CPU
		{5F0ED450-2034-43D2-9DEB-92299D072B85}.Release|iPhone.Build.0 = Release|Any CPU
		{5F0ED450-2034-43D2-9DEB-92299D072B85}.Release|iPhone.Deploy.0 = Release|Any CPU
		{5F0ED450-2034-43D2-9DEB-92299D072B85}.Release|iPhoneSimulator.ActiveCfg = Release|Any CPU
		{5F0ED450-2034-43D2-9DEB-92299D072B85}.Release|iPhoneSimulator.Build.0 = Release|Any CPU
		{5F0ED450-2034-43D2-9DEB-92299D072B85}.Release|iPhoneSimulator.Deploy.0 = Release|Any CPU
		{5F0ED450-2034-43D2-9DEB-92299D072B85}.Release|x64.ActiveCfg = Release|Any CPU
		{5F0ED450-2034-43D2-9DEB-92299D072B85}.Release|x64.Build.0 = Release|Any CPU
		{5F0ED450-2034-43D2-9DEB-92299D072B85}.Release|x64.Deploy.0 = Release|Any CPU
		{5F0ED450-2034-43D2-9DEB-92299D072B85}.Release|x86.ActiveCfg = Release|Any CPU
		{5F0ED450-2034-43D2-9DEB-92299D072B85}.Release|x86.Build.0 = Release|Any CPU
		{5F0ED450-2034-43D2-9DEB-92299D072B85}.Release|x86.Deploy.0 = Release|Any CPU
		{FF18E5A1-64C4-49A5-A89F-4ED0240C9078}.Debug|Any CPU.ActiveCfg = Debug|iPhoneSimulator
		{FF18E5A1-64C4-49A5-A89F-4ED0240C9078}.Debug|Any CPU.Build.0 = Debug|iPhoneSimulator
		{FF18E5A1-64C4-49A5-A89F-4ED0240C9078}.Debug|Any CPU.Deploy.0 = Debug|iPhoneSimulator
		{FF18E5A1-64C4-49A5-A89F-4ED0240C9078}.Debug|ARM.ActiveCfg = Debug|iPhone
		{FF18E5A1-64C4-49A5-A89F-4ED0240C9078}.Debug|ARM.Build.0 = Debug|iPhone
		{FF18E5A1-64C4-49A5-A89F-4ED0240C9078}.Debug|ARM.Deploy.0 = Debug|iPhone
		{FF18E5A1-64C4-49A5-A89F-4ED0240C9078}.Debug|iPhone.ActiveCfg = Debug|iPhone
		{FF18E5A1-64C4-49A5-A89F-4ED0240C9078}.Debug|iPhone.Build.0 = Debug|iPhone
		{FF18E5A1-64C4-49A5-A89F-4ED0240C9078}.Debug|iPhone.Deploy.0 = Debug|iPhone
		{FF18E5A1-64C4-49A5-A89F-4ED0240C9078}.Debug|iPhoneSimulator.ActiveCfg = Debug|iPhoneSimulator
		{FF18E5A1-64C4-49A5-A89F-4ED0240C9078}.Debug|iPhoneSimulator.Build.0 = Debug|iPhoneSimulator
		{FF18E5A1-64C4-49A5-A89F-4ED0240C9078}.Debug|iPhoneSimulator.Deploy.0 = Debug|iPhoneSimulator
		{FF18E5A1-64C4-49A5-A89F-4ED0240C9078}.Debug|x64.ActiveCfg = Debug|iPhoneSimulator
		{FF18E5A1-64C4-49A5-A89F-4ED0240C9078}.Debug|x64.Build.0 = Debug|iPhoneSimulator
		{FF18E5A1-64C4-49A5-A89F-4ED0240C9078}.Debug|x64.Deploy.0 = Debug|iPhoneSimulator
		{FF18E5A1-64C4-49A5-A89F-4ED0240C9078}.Debug|x86.ActiveCfg = Debug|iPhoneSimulator
		{FF18E5A1-64C4-49A5-A89F-4ED0240C9078}.Debug|x86.Build.0 = Debug|iPhoneSimulator
		{FF18E5A1-64C4-49A5-A89F-4ED0240C9078}.Debug|x86.Deploy.0 = Debug|iPhoneSimulator
		{FF18E5A1-64C4-49A5-A89F-4ED0240C9078}.Release|Any CPU.ActiveCfg = Release|iPhoneSimulator
		{FF18E5A1-64C4-49A5-A89F-4ED0240C9078}.Release|Any CPU.Build.0 = Release|iPhoneSimulator
		{FF18E5A1-64C4-49A5-A89F-4ED0240C9078}.Release|Any CPU.Deploy.0 = Release|iPhoneSimulator
		{FF18E5A1-64C4-49A5-A89F-4ED0240C9078}.Release|ARM.ActiveCfg = Release|iPhoneSimulator
		{FF18E5A1-64C4-49A5-A89F-4ED0240C9078}.Release|ARM.Build.0 = Release|iPhoneSimulator
		{FF18E5A1-64C4-49A5-A89F-4ED0240C9078}.Release|ARM.Deploy.0 = Release|iPhoneSimulator
		{FF18E5A1-64C4-49A5-A89F-4ED0240C9078}.Release|iPhone.ActiveCfg = Release|iPhone
		{FF18E5A1-64C4-49A5-A89F-4ED0240C9078}.Release|iPhone.Build.0 = Release|iPhone
		{FF18E5A1-64C4-49A5-A89F-4ED0240C9078}.Release|iPhone.Deploy.0 = Release|iPhone
		{FF18E5A1-64C4-49A5-A89F-4ED0240C9078}.Release|iPhoneSimulator.ActiveCfg = Release|iPhoneSimulator
		{FF18E5A1-64C4-49A5-A89F-4ED0240C9078}.Release|iPhoneSimulator.Build.0 = Release|iPhoneSimulator
		{FF18E5A1-64C4-49A5-A89F-4ED0240C9078}.Release|iPhoneSimulator.Deploy.0 = Release|iPhoneSimulator
		{FF18E5A1-64C4-49A5-A89F-4ED0240C9078}.Release|x64.ActiveCfg = Release|iPhoneSimulator
		{FF18E5A1-64C4-49A5-A89F-4ED0240C9078}.Release|x64.Build.0 = Release|iPhoneSimulator
		{FF18E5A1-64C4-49A5-A89F-4ED0240C9078}.Release|x64.Deploy.0 = Release|iPhoneSimulator
		{FF18E5A1-64C4-49A5-A89F-4ED0240C9078}.Release|x86.ActiveCfg = Release|iPhoneSimulator
		{FF18E5A1-64C4-49A5-A89F-4ED0240C9078}.Release|x86.Build.0 = Release|iPhoneSimulator
		{FF18E5A1-64C4-49A5-A89F-4ED0240C9078}.Release|x86.Deploy.0 = Release|iPhoneSimulator
		{1ACEED5A-9DC9-46BE-A892-147D04A4D93B}.Debug|Any CPU.ActiveCfg = Debug|Any CPU
		{1ACEED5A-9DC9-46BE-A892-147D04A4D93B}.Debug|Any CPU.Build.0 = Debug|Any CPU
		{1ACEED5A-9DC9-46BE-A892-147D04A4D93B}.Debug|Any CPU.Deploy.0 = Debug|Any CPU
		{1ACEED5A-9DC9-46BE-A892-147D04A4D93B}.Debug|ARM.ActiveCfg = Debug|Any CPU
		{1ACEED5A-9DC9-46BE-A892-147D04A4D93B}.Debug|ARM.Build.0 = Debug|Any CPU
		{1ACEED5A-9DC9-46BE-A892-147D04A4D93B}.Debug|ARM.Deploy.0 = Debug|Any CPU
		{1ACEED5A-9DC9-46BE-A892-147D04A4D93B}.Debug|iPhone.ActiveCfg = Debug|Any CPU
		{1ACEED5A-9DC9-46BE-A892-147D04A4D93B}.Debug|iPhone.Build.0 = Debug|Any CPU
		{1ACEED5A-9DC9-46BE-A892-147D04A4D93B}.Debug|iPhone.Deploy.0 = Debug|Any CPU
		{1ACEED5A-9DC9-46BE-A892-147D04A4D93B}.Debug|iPhoneSimulator.ActiveCfg = Debug|Any CPU
		{1ACEED5A-9DC9-46BE-A892-147D04A4D93B}.Debug|iPhoneSimulator.Build.0 = Debug|Any CPU
		{1ACEED5A-9DC9-46BE-A892-147D04A4D93B}.Debug|iPhoneSimulator.Deploy.0 = Debug|Any CPU
		{1ACEED5A-9DC9-46BE-A892-147D04A4D93B}.Debug|x64.ActiveCfg = Debug|Any CPU
		{1ACEED5A-9DC9-46BE-A892-147D04A4D93B}.Debug|x64.Build.0 = Debug|Any CPU
		{1ACEED5A-9DC9-46BE-A892-147D04A4D93B}.Debug|x64.Deploy.0 = Debug|Any CPU
		{1ACEED5A-9DC9-46BE-A892-147D04A4D93B}.Debug|x86.ActiveCfg = Debug|Any CPU
		{1ACEED5A-9DC9-46BE-A892-147D04A4D93B}.Debug|x86.Build.0 = Debug|Any CPU
		{1ACEED5A-9DC9-46BE-A892-147D04A4D93B}.Debug|x86.Deploy.0 = Debug|Any CPU
		{1ACEED5A-9DC9-46BE-A892-147D04A4D93B}.Release|Any CPU.ActiveCfg = Release|Any CPU
		{1ACEED5A-9DC9-46BE-A892-147D04A4D93B}.Release|Any CPU.Build.0 = Release|Any CPU
		{1ACEED5A-9DC9-46BE-A892-147D04A4D93B}.Release|Any CPU.Deploy.0 = Release|Any CPU
		{1ACEED5A-9DC9-46BE-A892-147D04A4D93B}.Release|ARM.ActiveCfg = Release|Any CPU
		{1ACEED5A-9DC9-46BE-A892-147D04A4D93B}.Release|ARM.Build.0 = Release|Any CPU
		{1ACEED5A-9DC9-46BE-A892-147D04A4D93B}.Release|ARM.Deploy.0 = Release|Any CPU
		{1ACEED5A-9DC9-46BE-A892-147D04A4D93B}.Release|iPhone.ActiveCfg = Release|Any CPU
		{1ACEED5A-9DC9-46BE-A892-147D04A4D93B}.Release|iPhone.Build.0 = Release|Any CPU
		{1ACEED5A-9DC9-46BE-A892-147D04A4D93B}.Release|iPhone.Deploy.0 = Release|Any CPU
		{1ACEED5A-9DC9-46BE-A892-147D04A4D93B}.Release|iPhoneSimulator.ActiveCfg = Release|Any CPU
		{1ACEED5A-9DC9-46BE-A892-147D04A4D93B}.Release|iPhoneSimulator.Build.0 = Release|Any CPU
		{1ACEED5A-9DC9-46BE-A892-147D04A4D93B}.Release|iPhoneSimulator.Deploy.0 = Release|Any CPU
		{1ACEED5A-9DC9-46BE-A892-147D04A4D93B}.Release|x64.ActiveCfg = Release|Any CPU
		{1ACEED5A-9DC9-46BE-A892-147D04A4D93B}.Release|x64.Build.0 = Release|Any CPU
		{1ACEED5A-9DC9-46BE-A892-147D04A4D93B}.Release|x64.Deploy.0 = Release|Any CPU
		{1ACEED5A-9DC9-46BE-A892-147D04A4D93B}.Release|x86.ActiveCfg = Release|Any CPU
		{1ACEED5A-9DC9-46BE-A892-147D04A4D93B}.Release|x86.Build.0 = Release|Any CPU
		{1ACEED5A-9DC9-46BE-A892-147D04A4D93B}.Release|x86.Deploy.0 = Release|Any CPU
	EndGlobalSection
	GlobalSection(SolutionProperties) = preSolution
		HideSolutionNode = FALSE
	EndGlobalSection
	GlobalSection(ExtensibilityGlobals) = postSolution
		SolutionGuid = {F98EAC0B-49AF-4DC8-9B04-19CF4115001C}
	EndGlobalSection
EndGlobal
